
Microsoft Visual Studio Solution File, Format Version 12.00
# Visual Studio Version 16
VisualStudioVersion = 16.0.29403.142
MinimumVisualStudioVersion = 10.0.40219.1
Project("{FAE04EC0-301F-11D3-BF4B-00C04F79EFBC}") = "PasswordCheckAssignment", "PasswordCheckAssignment\PasswordCheckAssignment.csproj", "{23712690-753E-44DC-9836-92BF182A9C7B}"
EndProject
Global
	GlobalSection(SolutionConfigurationPlatforms) = preSolution
		Debug|Any CPU = Debug|Any CPU
		Release|Any CPU = Release|Any CPU
	EndGlobalSection
	GlobalSection(ProjectConfigurationPlatforms) = postSolution
		{23712690-753E-44DC-9836-92BF182A9C7B}.Debug|Any CPU.ActiveCfg = Debug|Any CPU
		{23712690-753E-44DC-9836-92BF182A9C7B}.Debug|Any CPU.Build.0 = Debug|Any CPU
		{23712690-753E-44DC-9836-92BF182A9C7B}.Release|Any CPU.ActiveCfg = Release|Any CPU
		{23712690-753E-44DC-9836-92BF182A9C7B}.Release|Any CPU.Build.0 = Release|Any CPU
	EndGlobalSection
	GlobalSection(SolutionProperties) = preSolution
		HideSolutionNode = FALSE
	EndGlobalSection
	GlobalSection(ExtensibilityGlobals) = postSolution
		SolutionGuid = {6BE36F8C-5D44-43C1-AEB1-059E3D709260}
	EndGlobalSection
EndGlobal
